
Microsoft Visual Studio Solution File, Format Version 12.00
# Visual Studio Version 17
VisualStudioVersion = 17.6.33815.320
MinimumVisualStudioVersion = 10.0.40219.1
Project("{FAE04EC0-301F-11D3-BF4B-00C04F79EFBC}") = "ControledePet", "ControledePet\ControledePet.csproj", "{46C05C37-2541-4B3B-A16B-8296089CEFC2}"
EndProject
Global
	GlobalSection(SolutionConfigurationPlatforms) = preSolution
		Debug|Any CPU = Debug|Any CPU
		Release|Any CPU = Release|Any CPU
	EndGlobalSection
	GlobalSection(ProjectConfigurationPlatforms) = postSolution
		{46C05C37-2541-4B3B-A16B-8296089CEFC2}.Debug|Any CPU.ActiveCfg = Debug|Any CPU
		{46C05C37-2541-4B3B-A16B-8296089CEFC2}.Debug|Any CPU.Build.0 = Debug|Any CPU
		{46C05C37-2541-4B3B-A16B-8296089CEFC2}.Release|Any CPU.ActiveCfg = Release|Any CPU
		{46C05C37-2541-4B3B-A16B-8296089CEFC2}.Release|Any CPU.Build.0 = Release|Any CPU
	EndGlobalSection
	GlobalSection(SolutionProperties) = preSolution
		HideSolutionNode = FALSE
	EndGlobalSection
	GlobalSection(ExtensibilityGlobals) = postSolution
		SolutionGuid = {5CA4924A-EE81-4454-B5D2-698EAF899E58}
	EndGlobalSection
EndGlobal
